// !$*UTF8*$!
{
	archiveVersion = 1;
	classes = {
	};
	objectVersion = 51;
	objects = {

/* Begin PBXBuildFile section */
		5E412CB5702AEB3A1EAB02EC /* Pods_WhaleStream.framework in Frameworks */ = {isa = PBXBuildFile; fileRef = 37D50ACC4461A456C598EB5B /* Pods_WhaleStream.framework */; };
		E40CB20423F51F7900A30FA7 /* RegisterController.swift in Sources */ = {isa = PBXBuildFile; fileRef = E40CB20323F51F7900A30FA7 /* RegisterController.swift */; };
		E40CB20623F5211800A30FA7 /* RegisterViewModel.swift in Sources */ = {isa = PBXBuildFile; fileRef = E40CB20523F5211800A30FA7 /* RegisterViewModel.swift */; };
		E40CB20823F522B100A30FA7 /* GoogleService-Info.plist in Resources */ = {isa = PBXBuildFile; fileRef = E40CB20723F522B100A30FA7 /* GoogleService-Info.plist */; };
		E4368A5823E7FF5600C56511 /* AppDelegate.swift in Sources */ = {isa = PBXBuildFile; fileRef = E4368A5723E7FF5600C56511 /* AppDelegate.swift */; };
		E4368A5A23E7FF5600C56511 /* SceneDelegate.swift in Sources */ = {isa = PBXBuildFile; fileRef = E4368A5923E7FF5600C56511 /* SceneDelegate.swift */; };
		E4368A5F23E7FF5600C56511 /* Main.storyboard in Resources */ = {isa = PBXBuildFile; fileRef = E4368A5D23E7FF5600C56511 /* Main.storyboard */; };
		E4368A6123E7FF5F00C56511 /* Assets.xcassets in Resources */ = {isa = PBXBuildFile; fileRef = E4368A6023E7FF5F00C56511 /* Assets.xcassets */; };
		E4368A6423E7FF5F00C56511 /* LaunchScreen.storyboard in Resources */ = {isa = PBXBuildFile; fileRef = E4368A6223E7FF5F00C56511 /* LaunchScreen.storyboard */; };
		E4368A6C23E800B500C56511 /* AddClassCollectionViewController.swift in Sources */ = {isa = PBXBuildFile; fileRef = E4368A6B23E800B500C56511 /* AddClassCollectionViewController.swift */; };
		E436A84D23F5CFA9001D2A6A /* User.swift in Sources */ = {isa = PBXBuildFile; fileRef = E436A84C23F5CFA9001D2A6A /* User.swift */; };
		E4B2529323ECE2FE0099F536 /* InstructorHomeController.swift in Sources */ = {isa = PBXBuildFile; fileRef = E4B2529223ECE2FE0099F536 /* InstructorHomeController.swift */; };
		E4BCD7B823EBA9EF0065B6A7 /* CustomAddClassLabel.swift in Sources */ = {isa = PBXBuildFile; fileRef = E4BCD7B723EBA9EF0065B6A7 /* CustomAddClassLabel.swift */; };
		E4BCD7BB23EBC3A70065B6A7 /* HomeController.swift in Sources */ = {isa = PBXBuildFile; fileRef = E4BCD7BA23EBC3A70065B6A7 /* HomeController.swift */; };
		E4BCD7BD23EBC6020065B6A7 /* EmojiButton.swift in Sources */ = {isa = PBXBuildFile; fileRef = E4BCD7BC23EBC6020065B6A7 /* EmojiButton.swift */; };
		E4BCD7BF23EBD6D20065B6A7 /* CustomTextField.swift in Sources */ = {isa = PBXBuildFile; fileRef = E4BCD7BE23EBD6D20065B6A7 /* CustomTextField.swift */; };
		E4C8084923F644DF006E8162 /* LoginController.swift in Sources */ = {isa = PBXBuildFile; fileRef = E4C8084823F644DF006E8162 /* LoginController.swift */; };
		E4C8084B23F6451F006E8162 /* LoginViewModel.swift in Sources */ = {isa = PBXBuildFile; fileRef = E4C8084A23F6451F006E8162 /* LoginViewModel.swift */; };
		E4C8084D23F65F8B006E8162 /* CommentController.swift in Sources */ = {isa = PBXBuildFile; fileRef = E4C8084C23F65F8B006E8162 /* CommentController.swift */; };
		E4C8084F23F67451006E8162 /* FullCommentViewController.swift in Sources */ = {isa = PBXBuildFile; fileRef = E4C8084E23F67451006E8162 /* FullCommentViewController.swift */; };
		E4D5FDF023E9F2AC00E9C7AE /* AddClassCell.swift in Sources */ = {isa = PBXBuildFile; fileRef = E4D5FDEF23E9F2AC00E9C7AE /* AddClassCell.swift */; };
		E4D5FE1023E9F5C900E9C7AE /* FirebaseExtensions.swift in Sources */ = {isa = PBXBuildFile; fileRef = E4D5FE0623E9F5C800E9C7AE /* FirebaseExtensions.swift */; };
		E4D5FE1123E9F5C900E9C7AE /* CustomImagePickerController.swift in Sources */ = {isa = PBXBuildFile; fileRef = E4D5FE0723E9F5C800E9C7AE /* CustomImagePickerController.swift */; };
		E4D5FE1223E9F5C900E9C7AE /* ListCell.swift in Sources */ = {isa = PBXBuildFile; fileRef = E4D5FE0823E9F5C900E9C7AE /* ListCell.swift */; };
		E4D5FE1323E9F5C900E9C7AE /* HeaderController.swift in Sources */ = {isa = PBXBuildFile; fileRef = E4D5FE0923E9F5C900E9C7AE /* HeaderController.swift */; };
		E4D5FE1423E9F5C900E9C7AE /* CustomImageView.swift in Sources */ = {isa = PBXBuildFile; fileRef = E4D5FE0A23E9F5C900E9C7AE /* CustomImageView.swift */; };
		E4D5FE1523E9F5C900E9C7AE /* Bindable.swift in Sources */ = {isa = PBXBuildFile; fileRef = E4D5FE0B23E9F5C900E9C7AE /* Bindable.swift */; };
		E4D5FE1623E9F5C900E9C7AE /* HeaderFooterController.swift in Sources */ = {isa = PBXBuildFile; fileRef = E4D5FE0C23E9F5C900E9C7AE /* HeaderFooterController.swift */; };
		E4D5FE1723E9F5C900E9C7AE /* ListController.swift in Sources */ = {isa = PBXBuildFile; fileRef = E4D5FE0D23E9F5C900E9C7AE /* ListController.swift */; };
		E4D5FE1823E9F5C900E9C7AE /* CircularImageView.swift in Sources */ = {isa = PBXBuildFile; fileRef = E4D5FE0E23E9F5C900E9C7AE /* CircularImageView.swift */; };
		E4D5FE1923E9F5C900E9C7AE /* BasicExtensions.swift in Sources */ = {isa = PBXBuildFile; fileRef = E4D5FE0F23E9F5C900E9C7AE /* BasicExtensions.swift */; };
		E4D5FE1C23E9F9FC00E9C7AE /* Course.swift in Sources */ = {isa = PBXBuildFile; fileRef = E4D5FE1B23E9F9FC00E9C7AE /* Course.swift */; };
		E4D5FE1E23EA061200E9C7AE /* ClassSearchController.swift in Sources */ = {isa = PBXBuildFile; fileRef = E4D5FE1D23EA061200E9C7AE /* ClassSearchController.swift */; };
		E4D5FE2023EA06DB00E9C7AE /* ClassSearchCell.swift in Sources */ = {isa = PBXBuildFile; fileRef = E4D5FE1F23EA06DB00E9C7AE /* ClassSearchCell.swift */; };
		E4FDD74523FF512100FE9337 /* Comment.swift in Sources */ = {isa = PBXBuildFile; fileRef = E4FDD74423FF512100FE9337 /* Comment.swift */; };
/* End PBXBuildFile section */

/* Begin PBXFileReference section */
		11A5C4E14FA4B45BE5D100DC /* Pods-WhaleStream.debug.xcconfig */ = {isa = PBXFileReference; includeInIndex = 1; lastKnownFileType = text.xcconfig; name = "Pods-WhaleStream.debug.xcconfig"; path = "Target Support Files/Pods-WhaleStream/Pods-WhaleStream.debug.xcconfig"; sourceTree = "<group>"; };
		37D50ACC4461A456C598EB5B /* Pods_WhaleStream.framework */ = {isa = PBXFileReference; explicitFileType = wrapper.framework; includeInIndex = 0; path = Pods_WhaleStream.framework; sourceTree = BUILT_PRODUCTS_DIR; };
		C9A8A72260263A1F16B0FE5B /* Pods-WhaleStream.release.xcconfig */ = {isa = PBXFileReference; includeInIndex = 1; lastKnownFileType = text.xcconfig; name = "Pods-WhaleStream.release.xcconfig"; path = "Target Support Files/Pods-WhaleStream/Pods-WhaleStream.release.xcconfig"; sourceTree = "<group>"; };
		E40CB20323F51F7900A30FA7 /* RegisterController.swift */ = {isa = PBXFileReference; lastKnownFileType = sourcecode.swift; path = RegisterController.swift; sourceTree = "<group>"; };
		E40CB20523F5211800A30FA7 /* RegisterViewModel.swift */ = {isa = PBXFileReference; lastKnownFileType = sourcecode.swift; path = RegisterViewModel.swift; sourceTree = "<group>"; };
		E40CB20723F522B100A30FA7 /* GoogleService-Info.plist */ = {isa = PBXFileReference; fileEncoding = 4; lastKnownFileType = text.plist.xml; path = "GoogleService-Info.plist"; sourceTree = "<group>"; };
		E4368A5423E7FF5600C56511 /* WhaleStream.app */ = {isa = PBXFileReference; explicitFileType = wrapper.application; includeInIndex = 0; path = WhaleStream.app; sourceTree = BUILT_PRODUCTS_DIR; };
		E4368A5723E7FF5600C56511 /* AppDelegate.swift */ = {isa = PBXFileReference; lastKnownFileType = sourcecode.swift; path = AppDelegate.swift; sourceTree = "<group>"; };
		E4368A5923E7FF5600C56511 /* SceneDelegate.swift */ = {isa = PBXFileReference; lastKnownFileType = sourcecode.swift; path = SceneDelegate.swift; sourceTree = "<group>"; };
		E4368A5E23E7FF5600C56511 /* Base */ = {isa = PBXFileReference; lastKnownFileType = file.storyboard; name = Base; path = Base.lproj/Main.storyboard; sourceTree = "<group>"; };
		E4368A6023E7FF5F00C56511 /* Assets.xcassets */ = {isa = PBXFileReference; lastKnownFileType = folder.assetcatalog; path = Assets.xcassets; sourceTree = "<group>"; };
		E4368A6323E7FF5F00C56511 /* Base */ = {isa = PBXFileReference; lastKnownFileType = file.storyboard; name = Base; path = Base.lproj/LaunchScreen.storyboard; sourceTree = "<group>"; };
		E4368A6523E7FF5F00C56511 /* Info.plist */ = {isa = PBXFileReference; lastKnownFileType = text.plist.xml; path = Info.plist; sourceTree = "<group>"; };
		E4368A6B23E800B500C56511 /* AddClassCollectionViewController.swift */ = {isa = PBXFileReference; lastKnownFileType = sourcecode.swift; path = AddClassCollectionViewController.swift; sourceTree = "<group>"; };
		E436A84C23F5CFA9001D2A6A /* User.swift */ = {isa = PBXFileReference; lastKnownFileType = sourcecode.swift; path = User.swift; sourceTree = "<group>"; };
		E4B2529223ECE2FE0099F536 /* InstructorHomeController.swift */ = {isa = PBXFileReference; lastKnownFileType = sourcecode.swift; path = InstructorHomeController.swift; sourceTree = "<group>"; };
		E4BCD7B723EBA9EF0065B6A7 /* CustomAddClassLabel.swift */ = {isa = PBXFileReference; lastKnownFileType = sourcecode.swift; path = CustomAddClassLabel.swift; sourceTree = "<group>"; };
		E4BCD7BA23EBC3A70065B6A7 /* HomeController.swift */ = {isa = PBXFileReference; lastKnownFileType = sourcecode.swift; path = HomeController.swift; sourceTree = "<group>"; };
		E4BCD7BC23EBC6020065B6A7 /* EmojiButton.swift */ = {isa = PBXFileReference; lastKnownFileType = sourcecode.swift; path = EmojiButton.swift; sourceTree = "<group>"; };
		E4BCD7BE23EBD6D20065B6A7 /* CustomTextField.swift */ = {isa = PBXFileReference; lastKnownFileType = sourcecode.swift; path = CustomTextField.swift; sourceTree = "<group>"; };
		E4C8084823F644DF006E8162 /* LoginController.swift */ = {isa = PBXFileReference; lastKnownFileType = sourcecode.swift; path = LoginController.swift; sourceTree = "<group>"; };
		E4C8084A23F6451F006E8162 /* LoginViewModel.swift */ = {isa = PBXFileReference; lastKnownFileType = sourcecode.swift; path = LoginViewModel.swift; sourceTree = "<group>"; };
		E4C8084C23F65F8B006E8162 /* CommentController.swift */ = {isa = PBXFileReference; lastKnownFileType = sourcecode.swift; path = CommentController.swift; sourceTree = "<group>"; };
		E4C8084E23F67451006E8162 /* FullCommentViewController.swift */ = {isa = PBXFileReference; lastKnownFileType = sourcecode.swift; path = FullCommentViewController.swift; sourceTree = "<group>"; };
		E4D5FDEF23E9F2AC00E9C7AE /* AddClassCell.swift */ = {isa = PBXFileReference; lastKnownFileType = sourcecode.swift; path = AddClassCell.swift; sourceTree = "<group>"; };
		E4D5FE0623E9F5C800E9C7AE /* FirebaseExtensions.swift */ = {isa = PBXFileReference; fileEncoding = 4; lastKnownFileType = sourcecode.swift; path = FirebaseExtensions.swift; sourceTree = "<group>"; };
		E4D5FE0723E9F5C800E9C7AE /* CustomImagePickerController.swift */ = {isa = PBXFileReference; fileEncoding = 4; lastKnownFileType = sourcecode.swift; path = CustomImagePickerController.swift; sourceTree = "<group>"; };
		E4D5FE0823E9F5C900E9C7AE /* ListCell.swift */ = {isa = PBXFileReference; fileEncoding = 4; lastKnownFileType = sourcecode.swift; path = ListCell.swift; sourceTree = "<group>"; };
		E4D5FE0923E9F5C900E9C7AE /* HeaderController.swift */ = {isa = PBXFileReference; fileEncoding = 4; lastKnownFileType = sourcecode.swift; path = HeaderController.swift; sourceTree = "<group>"; };
		E4D5FE0A23E9F5C900E9C7AE /* CustomImageView.swift */ = {isa = PBXFileReference; fileEncoding = 4; lastKnownFileType = sourcecode.swift; path = CustomImageView.swift; sourceTree = "<group>"; };
		E4D5FE0B23E9F5C900E9C7AE /* Bindable.swift */ = {isa = PBXFileReference; fileEncoding = 4; lastKnownFileType = sourcecode.swift; path = Bindable.swift; sourceTree = "<group>"; };
		E4D5FE0C23E9F5C900E9C7AE /* HeaderFooterController.swift */ = {isa = PBXFileReference; fileEncoding = 4; lastKnownFileType = sourcecode.swift; path = HeaderFooterController.swift; sourceTree = "<group>"; };
		E4D5FE0D23E9F5C900E9C7AE /* ListController.swift */ = {isa = PBXFileReference; fileEncoding = 4; lastKnownFileType = sourcecode.swift; path = ListController.swift; sourceTree = "<group>"; };
		E4D5FE0E23E9F5C900E9C7AE /* CircularImageView.swift */ = {isa = PBXFileReference; fileEncoding = 4; lastKnownFileType = sourcecode.swift; path = CircularImageView.swift; sourceTree = "<group>"; };
		E4D5FE0F23E9F5C900E9C7AE /* BasicExtensions.swift */ = {isa = PBXFileReference; fileEncoding = 4; lastKnownFileType = sourcecode.swift; path = BasicExtensions.swift; sourceTree = "<group>"; };
		E4D5FE1B23E9F9FC00E9C7AE /* Course.swift */ = {isa = PBXFileReference; lastKnownFileType = sourcecode.swift; path = Course.swift; sourceTree = "<group>"; };
		E4D5FE1D23EA061200E9C7AE /* ClassSearchController.swift */ = {isa = PBXFileReference; lastKnownFileType = sourcecode.swift; path = ClassSearchController.swift; sourceTree = "<group>"; };
		E4D5FE1F23EA06DB00E9C7AE /* ClassSearchCell.swift */ = {isa = PBXFileReference; lastKnownFileType = sourcecode.swift; path = ClassSearchCell.swift; sourceTree = "<group>"; };
		E4FDD74423FF512100FE9337 /* Comment.swift */ = {isa = PBXFileReference; lastKnownFileType = sourcecode.swift; path = Comment.swift; sourceTree = "<group>"; };
/* End PBXFileReference section */

/* Begin PBXFrameworksBuildPhase section */
		E4368A5123E7FF5500C56511 /* Frameworks */ = {
			isa = PBXFrameworksBuildPhase;
			buildActionMask = 2147483647;
			files = (
				5E412CB5702AEB3A1EAB02EC /* Pods_WhaleStream.framework in Frameworks */,
			);
			runOnlyForDeploymentPostprocessing = 0;
		};
/* End PBXFrameworksBuildPhase section */

/* Begin PBXGroup section */
		E40CB20223F51F6400A30FA7 /* Register */ = {
			isa = PBXGroup;
			children = (
				E40CB20323F51F7900A30FA7 /* RegisterController.swift */,
				E40CB20523F5211800A30FA7 /* RegisterViewModel.swift */,
				E4C8084823F644DF006E8162 /* LoginController.swift */,
				E4C8084A23F6451F006E8162 /* LoginViewModel.swift */,
			);
			path = Register;
			sourceTree = "<group>";
		};
		E4368A4B23E7FF5500C56511 = {
			isa = PBXGroup;
			children = (
				E4368A5623E7FF5600C56511 /* WhaleStream */,
				E4368A5523E7FF5600C56511 /* Products */,
				E55F263CE6528221C7C9973F /* Pods */,
				F4102A93FF7ABB32138B5E59 /* Frameworks */,
			);
			sourceTree = "<group>";
		};
		E4368A5523E7FF5600C56511 /* Products */ = {
			isa = PBXGroup;
			children = (
				E4368A5423E7FF5600C56511 /* WhaleStream.app */,
			);
			name = Products;
			sourceTree = "<group>";
		};
		E4368A5623E7FF5600C56511 /* WhaleStream */ = {
			isa = PBXGroup;
			children = (
				E40CB20223F51F6400A30FA7 /* Register */,
				E4BCD7B923EBC3270065B6A7 /* Home */,
				E4D5FE1A23E9F9E900E9C7AE /* Model */,
				E4D5FDEE23E9F28500E9C7AE /* Addclass */,
				E4368A5723E7FF5600C56511 /* AppDelegate.swift */,
				E4368A5923E7FF5600C56511 /* SceneDelegate.swift */,
				E4368A5D23E7FF5600C56511 /* Main.storyboard */,
				E4368A6023E7FF5F00C56511 /* Assets.xcassets */,
				E4368A6223E7FF5F00C56511 /* LaunchScreen.storyboard */,
				E4368A6523E7FF5F00C56511 /* Info.plist */,
				E40CB20723F522B100A30FA7 /* GoogleService-Info.plist */,
				E4D5FDF123E9F50F00E9C7AE /* Utils */,
			);
			path = WhaleStream;
			sourceTree = "<group>";
		};
		E4BCD7B923EBC3270065B6A7 /* Home */ = {
			isa = PBXGroup;
			children = (
				E4BCD7BA23EBC3A70065B6A7 /* HomeController.swift */,
				E4BCD7BC23EBC6020065B6A7 /* EmojiButton.swift */,
				E4BCD7BE23EBD6D20065B6A7 /* CustomTextField.swift */,
				E4B2529223ECE2FE0099F536 /* InstructorHomeController.swift */,
				E4C8084C23F65F8B006E8162 /* CommentController.swift */,
				E4C8084E23F67451006E8162 /* FullCommentViewController.swift */,
			);
			path = Home;
			sourceTree = "<group>";
		};
		E4D5FDEE23E9F28500E9C7AE /* Addclass */ = {
			isa = PBXGroup;
			children = (
				E4368A6B23E800B500C56511 /* AddClassCollectionViewController.swift */,
				E4D5FDEF23E9F2AC00E9C7AE /* AddClassCell.swift */,
				E4D5FE1D23EA061200E9C7AE /* ClassSearchController.swift */,
				E4D5FE1F23EA06DB00E9C7AE /* ClassSearchCell.swift */,
				E4BCD7B723EBA9EF0065B6A7 /* CustomAddClassLabel.swift */,
			);
			path = Addclass;
			sourceTree = "<group>";
		};
		E4D5FDF123E9F50F00E9C7AE /* Utils */ = {
			isa = PBXGroup;
			children = (
				E4D5FE0F23E9F5C900E9C7AE /* BasicExtensions.swift */,
				E4D5FE0B23E9F5C900E9C7AE /* Bindable.swift */,
				E4D5FE0E23E9F5C900E9C7AE /* CircularImageView.swift */,
				E4D5FE0723E9F5C800E9C7AE /* CustomImagePickerController.swift */,
				E4D5FE0A23E9F5C900E9C7AE /* CustomImageView.swift */,
				E4D5FE0623E9F5C800E9C7AE /* FirebaseExtensions.swift */,
				E4D5FE0923E9F5C900E9C7AE /* HeaderController.swift */,
				E4D5FE0C23E9F5C900E9C7AE /* HeaderFooterController.swift */,
				E4D5FE0823E9F5C900E9C7AE /* ListCell.swift */,
				E4D5FE0D23E9F5C900E9C7AE /* ListController.swift */,
			);
			path = Utils;
			sourceTree = "<group>";
		};
		E4D5FE1A23E9F9E900E9C7AE /* Model */ = {
			isa = PBXGroup;
			children = (
				E4D5FE1B23E9F9FC00E9C7AE /* Course.swift */,
				E436A84C23F5CFA9001D2A6A /* User.swift */,
				E4FDD74423FF512100FE9337 /* Comment.swift */,
			);
			path = Model;
			sourceTree = "<group>";
		};
		E55F263CE6528221C7C9973F /* Pods */ = {
			isa = PBXGroup;
			children = (
				11A5C4E14FA4B45BE5D100DC /* Pods-WhaleStream.debug.xcconfig */,
				C9A8A72260263A1F16B0FE5B /* Pods-WhaleStream.release.xcconfig */,
			);
			path = Pods;
			sourceTree = "<group>";
		};
		F4102A93FF7ABB32138B5E59 /* Frameworks */ = {
			isa = PBXGroup;
			children = (
				37D50ACC4461A456C598EB5B /* Pods_WhaleStream.framework */,
			);
			name = Frameworks;
			sourceTree = "<group>";
		};
/* End PBXGroup section */

/* Begin PBXNativeTarget section */
		E4368A5323E7FF5500C56511 /* WhaleStream */ = {
			isa = PBXNativeTarget;
			buildConfigurationList = E4368A6823E7FF5F00C56511 /* Build configuration list for PBXNativeTarget "WhaleStream" */;
			buildPhases = (
				119C7CA7485534FC74F536E1 /* [CP] Check Pods Manifest.lock */,
				E4368A5023E7FF5500C56511 /* Sources */,
				E4368A5123E7FF5500C56511 /* Frameworks */,
				E4368A5223E7FF5500C56511 /* Resources */,
				B77244534C51730A8DECB8A8 /* [CP] Embed Pods Frameworks */,
			);
			buildRules = (
			);
			dependencies = (
			);
			name = WhaleStream;
			productName = WhaleStream;
			productReference = E4368A5423E7FF5600C56511 /* WhaleStream.app */;
			productType = "com.apple.product-type.application";
		};
/* End PBXNativeTarget section */

/* Begin PBXProject section */
		E4368A4C23E7FF5500C56511 /* Project object */ = {
			isa = PBXProject;
			attributes = {
				LastSwiftUpdateCheck = 1130;
				LastUpgradeCheck = 1130;
				ORGANIZATIONNAME = "wenlong qiu";
				TargetAttributes = {
					E4368A5323E7FF5500C56511 = {
						CreatedOnToolsVersion = 11.3.1;
					};
				};
			};
			buildConfigurationList = E4368A4F23E7FF5500C56511 /* Build configuration list for PBXProject "WhaleStream" */;
			compatibilityVersion = "Xcode 9.3";
			developmentRegion = en;
			hasScannedForEncodings = 0;
			knownRegions = (
				en,
				Base,
			);
			mainGroup = E4368A4B23E7FF5500C56511;
			productRefGroup = E4368A5523E7FF5600C56511 /* Products */;
			projectDirPath = "";
			projectRoot = "";
			targets = (
				E4368A5323E7FF5500C56511 /* WhaleStream */,
			);
		};
/* End PBXProject section */

/* Begin PBXResourcesBuildPhase section */
		E4368A5223E7FF5500C56511 /* Resources */ = {
			isa = PBXResourcesBuildPhase;
			buildActionMask = 2147483647;
			files = (
				E4368A6423E7FF5F00C56511 /* LaunchScreen.storyboard in Resources */,
				E40CB20823F522B100A30FA7 /* GoogleService-Info.plist in Resources */,
				E4368A6123E7FF5F00C56511 /* Assets.xcassets in Resources */,
				E4368A5F23E7FF5600C56511 /* Main.storyboard in Resources */,
			);
			runOnlyForDeploymentPostprocessing = 0;
		};
/* End PBXResourcesBuildPhase section */

/* Begin PBXShellScriptBuildPhase section */
		119C7CA7485534FC74F536E1 /* [CP] Check Pods Manifest.lock */ = {
			isa = PBXShellScriptBuildPhase;
			buildActionMask = 2147483647;
			files = (
			);
			inputFileListPaths = (
			);
			inputPaths = (
				"${PODS_PODFILE_DIR_PATH}/Podfile.lock",
				"${PODS_ROOT}/Manifest.lock",
			);
			name = "[CP] Check Pods Manifest.lock";
			outputFileListPaths = (
			);
			outputPaths = (
				"$(DERIVED_FILE_DIR)/Pods-WhaleStream-checkManifestLockResult.txt",
			);
			runOnlyForDeploymentPostprocessing = 0;
			shellPath = /bin/sh;
			shellScript = "diff \"${PODS_PODFILE_DIR_PATH}/Podfile.lock\" \"${PODS_ROOT}/Manifest.lock\" > /dev/null\nif [ $? != 0 ] ; then\n    # print error to STDERR\n    echo \"error: The sandbox is not in sync with the Podfile.lock. Run 'pod install' or update your CocoaPods installation.\" >&2\n    exit 1\nfi\n# This output is used by Xcode 'outputs' to avoid re-running this script phase.\necho \"SUCCESS\" > \"${SCRIPT_OUTPUT_FILE_0}\"\n";
			showEnvVarsInLog = 0;
		};
		B77244534C51730A8DECB8A8 /* [CP] Embed Pods Frameworks */ = {
			isa = PBXShellScriptBuildPhase;
			buildActionMask = 2147483647;
			files = (
			);
			inputFileListPaths = (
				"${PODS_ROOT}/Target Support Files/Pods-WhaleStream/Pods-WhaleStream-frameworks-${CONFIGURATION}-input-files.xcfilelist",
			);
			name = "[CP] Embed Pods Frameworks";
			outputFileListPaths = (
				"${PODS_ROOT}/Target Support Files/Pods-WhaleStream/Pods-WhaleStream-frameworks-${CONFIGURATION}-output-files.xcfilelist",
			);
			runOnlyForDeploymentPostprocessing = 0;
			shellPath = /bin/sh;
			shellScript = "\"${PODS_ROOT}/Target Support Files/Pods-WhaleStream/Pods-WhaleStream-frameworks.sh\"\n";
			showEnvVarsInLog = 0;
		};
/* End PBXShellScriptBuildPhase section */

/* Begin PBXSourcesBuildPhase section */
		E4368A5023E7FF5500C56511 /* Sources */ = {
			isa = PBXSourcesBuildPhase;
			buildActionMask = 2147483647;
			files = (
				E4D5FE1523E9F5C900E9C7AE /* Bindable.swift in Sources */,
				E4D5FE1123E9F5C900E9C7AE /* CustomImagePickerController.swift in Sources */,
				E4D5FE1423E9F5C900E9C7AE /* CustomImageView.swift in Sources */,
				E4C8084923F644DF006E8162 /* LoginController.swift in Sources */,
				E436A84D23F5CFA9001D2A6A /* User.swift in Sources */,
				E40CB20423F51F7900A30FA7 /* RegisterController.swift in Sources */,
				E4D5FE1C23E9F9FC00E9C7AE /* Course.swift in Sources */,
				E4D5FDF023E9F2AC00E9C7AE /* AddClassCell.swift in Sources */,
				E4C8084B23F6451F006E8162 /* LoginViewModel.swift in Sources */,
				E4B2529323ECE2FE0099F536 /* InstructorHomeController.swift in Sources */,
				E4D5FE1923E9F5C900E9C7AE /* BasicExtensions.swift in Sources */,
				E4D5FE1E23EA061200E9C7AE /* ClassSearchController.swift in Sources */,
				E4368A6C23E800B500C56511 /* AddClassCollectionViewController.swift in Sources */,
				E4BCD7B823EBA9EF0065B6A7 /* CustomAddClassLabel.swift in Sources */,
				E4D5FE2023EA06DB00E9C7AE /* ClassSearchCell.swift in Sources */,
				E4D5FE1223E9F5C900E9C7AE /* ListCell.swift in Sources */,
				E4368A5823E7FF5600C56511 /* AppDelegate.swift in Sources */,
				E4BCD7BD23EBC6020065B6A7 /* EmojiButton.swift in Sources */,
				E4368A5A23E7FF5600C56511 /* SceneDelegate.swift in Sources */,
				E4BCD7BF23EBD6D20065B6A7 /* CustomTextField.swift in Sources */,
				E4D5FE1323E9F5C900E9C7AE /* HeaderController.swift in Sources */,
				E4C8084D23F65F8B006E8162 /* CommentController.swift in Sources */,
				E4D5FE1023E9F5C900E9C7AE /* FirebaseExtensions.swift in Sources */,
				E40CB20623F5211800A30FA7 /* RegisterViewModel.swift in Sources */,
				E4D5FE1623E9F5C900E9C7AE /* HeaderFooterController.swift in Sources */,
				E4FDD74523FF512100FE9337 /* Comment.swift in Sources */,
				E4D5FE1823E9F5C900E9C7AE /* CircularImageView.swift in Sources */,
				E4C8084F23F67451006E8162 /* FullCommentViewController.swift in Sources */,
				E4BCD7BB23EBC3A70065B6A7 /* HomeController.swift in Sources */,
				E4D5FE1723E9F5C900E9C7AE /* ListController.swift in Sources */,
			);
			runOnlyForDeploymentPostprocessing = 0;
		};
/* End PBXSourcesBuildPhase section */

/* Begin PBXVariantGroup section */
		E4368A5D23E7FF5600C56511 /* Main.storyboard */ = {
			isa = PBXVariantGroup;
			children = (
				E4368A5E23E7FF5600C56511 /* Base */,
			);
			name = Main.storyboard;
			sourceTree = "<group>";
		};
		E4368A6223E7FF5F00C56511 /* LaunchScreen.storyboard */ = {
			isa = PBXVariantGroup;
			children = (
				E4368A6323E7FF5F00C56511 /* Base */,
			);
			name = LaunchScreen.storyboard;
			sourceTree = "<group>";
		};
/* End PBXVariantGroup section */

/* Begin XCBuildConfiguration section */
		E4368A6623E7FF5F00C56511 /* Debug */ = {
			isa = XCBuildConfiguration;
			buildSettings = {
				ALWAYS_SEARCH_USER_PATHS = NO;
				CLANG_ANALYZER_NONNULL = YES;
				CLANG_ANALYZER_NUMBER_OBJECT_CONVERSION = YES_AGGRESSIVE;
				CLANG_CXX_LANGUAGE_STANDARD = "gnu++14";
				CLANG_CXX_LIBRARY = "libc++";
				CLANG_ENABLE_MODULES = YES;
				CLANG_ENABLE_OBJC_ARC = YES;
				CLANG_ENABLE_OBJC_WEAK = YES;
				CLANG_WARN_BLOCK_CAPTURE_AUTORELEASING = YES;
				CLANG_WARN_BOOL_CONVERSION = YES;
				CLANG_WARN_COMMA = YES;
				CLANG_WARN_CONSTANT_CONVERSION = YES;
				CLANG_WARN_DEPRECATED_OBJC_IMPLEMENTATIONS = YES;
				CLANG_WARN_DIRECT_OBJC_ISA_USAGE = YES_ERROR;
				CLANG_WARN_DOCUMENTATION_COMMENTS = YES;
				CLANG_WARN_EMPTY_BODY = YES;
				CLANG_WARN_ENUM_CONVERSION = YES;
				CLANG_WARN_INFINITE_RECURSION = YES;
				CLANG_WARN_INT_CONVERSION = YES;
				CLANG_WARN_NON_LITERAL_NULL_CONVERSION = YES;
				CLANG_WARN_OBJC_IMPLICIT_RETAIN_SELF = YES;
				CLANG_WARN_OBJC_LITERAL_CONVERSION = YES;
				CLANG_WARN_OBJC_ROOT_CLASS = YES_ERROR;
				CLANG_WARN_RANGE_LOOP_ANALYSIS = YES;
				CLANG_WARN_STRICT_PROTOTYPES = YES;
				CLANG_WARN_SUSPICIOUS_MOVE = YES;
				CLANG_WARN_UNGUARDED_AVAILABILITY = YES_AGGRESSIVE;
				CLANG_WARN_UNREACHABLE_CODE = YES;
				CLANG_WARN__DUPLICATE_METHOD_MATCH = YES;
				COPY_PHASE_STRIP = NO;
				DEBUG_INFORMATION_FORMAT = dwarf;
				ENABLE_STRICT_OBJC_MSGSEND = YES;
				ENABLE_TESTABILITY = YES;
				GCC_C_LANGUAGE_STANDARD = gnu11;
				GCC_DYNAMIC_NO_PIC = NO;
				GCC_NO_COMMON_BLOCKS = YES;
				GCC_OPTIMIZATION_LEVEL = 0;
				GCC_PREPROCESSOR_DEFINITIONS = (
					"DEBUG=1",
					"$(inherited)",
				);
				GCC_WARN_64_TO_32_BIT_CONVERSION = YES;
				GCC_WARN_ABOUT_RETURN_TYPE = YES_ERROR;
				GCC_WARN_UNDECLARED_SELECTOR = YES;
				GCC_WARN_UNINITIALIZED_AUTOS = YES_AGGRESSIVE;
				GCC_WARN_UNUSED_FUNCTION = YES;
				GCC_WARN_UNUSED_VARIABLE = YES;
				IPHONEOS_DEPLOYMENT_TARGET = 13.2;
				MTL_ENABLE_DEBUG_INFO = INCLUDE_SOURCE;
				MTL_FAST_MATH = YES;
				ONLY_ACTIVE_ARCH = YES;
				SDKROOT = iphoneos;
				SWIFT_ACTIVE_COMPILATION_CONDITIONS = DEBUG;
				SWIFT_OPTIMIZATION_LEVEL = "-Onone";
			};
			name = Debug;
		};
		E4368A6723E7FF5F00C56511 /* Release */ = {
			isa = XCBuildConfiguration;
			buildSettings = {
				ALWAYS_SEARCH_USER_PATHS = NO;
				CLANG_ANALYZER_NONNULL = YES;
				CLANG_ANALYZER_NUMBER_OBJECT_CONVERSION = YES_AGGRESSIVE;
				CLANG_CXX_LANGUAGE_STANDARD = "gnu++14";
				CLANG_CXX_LIBRARY = "libc++";
				CLANG_ENABLE_MODULES = YES;
				CLANG_ENABLE_OBJC_ARC = YES;
				CLANG_ENABLE_OBJC_WEAK = YES;
				CLANG_WARN_BLOCK_CAPTURE_AUTORELEASING = YES;
				CLANG_WARN_BOOL_CONVERSION = YES;
				CLANG_WARN_COMMA = YES;
				CLANG_WARN_CONSTANT_CONVERSION = YES;
				CLANG_WARN_DEPRECATED_OBJC_IMPLEMENTATIONS = YES;
				CLANG_WARN_DIRECT_OBJC_ISA_USAGE = YES_ERROR;
				CLANG_WARN_DOCUMENTATION_COMMENTS = YES;
				CLANG_WARN_EMPTY_BODY = YES;
				CLANG_WARN_ENUM_CONVERSION = YES;
				CLANG_WARN_INFINITE_RECURSION = YES;
				CLANG_WARN_INT_CONVERSION = YES;
				CLANG_WARN_NON_LITERAL_NULL_CONVERSION = YES;
				CLANG_WARN_OBJC_IMPLICIT_RETAIN_SELF = YES;
				CLANG_WARN_OBJC_LITERAL_CONVERSION = YES;
				CLANG_WARN_OBJC_ROOT_CLASS = YES_ERROR;
				CLANG_WARN_RANGE_LOOP_ANALYSIS = YES;
				CLANG_WARN_STRICT_PROTOTYPES = YES;
				CLANG_WARN_SUSPICIOUS_MOVE = YES;
				CLANG_WARN_UNGUARDED_AVAILABILITY = YES_AGGRESSIVE;
				CLANG_WARN_UNREACHABLE_CODE = YES;
				CLANG_WARN__DUPLICATE_METHOD_MATCH = YES;
				COPY_PHASE_STRIP = NO;
				DEBUG_INFORMATION_FORMAT = "dwarf-with-dsym";
				ENABLE_NS_ASSERTIONS = NO;
				ENABLE_STRICT_OBJC_MSGSEND = YES;
				GCC_C_LANGUAGE_STANDARD = gnu11;
				GCC_NO_COMMON_BLOCKS = YES;
				GCC_WARN_64_TO_32_BIT_CONVERSION = YES;
				GCC_WARN_ABOUT_RETURN_TYPE = YES_ERROR;
				GCC_WARN_UNDECLARED_SELECTOR = YES;
				GCC_WARN_UNINITIALIZED_AUTOS = YES_AGGRESSIVE;
				GCC_WARN_UNUSED_FUNCTION = YES;
				GCC_WARN_UNUSED_VARIABLE = YES;
				IPHONEOS_DEPLOYMENT_TARGET = 13.2;
				MTL_ENABLE_DEBUG_INFO = NO;
				MTL_FAST_MATH = YES;
				SDKROOT = iphoneos;
				SWIFT_COMPILATION_MODE = wholemodule;
				SWIFT_OPTIMIZATION_LEVEL = "-O";
				VALIDATE_PRODUCT = YES;
			};
			name = Release;
		};
		E4368A6923E7FF5F00C56511 /* Debug */ = {
			isa = XCBuildConfiguration;
			baseConfigurationReference = 11A5C4E14FA4B45BE5D100DC /* Pods-WhaleStream.debug.xcconfig */;
			buildSettings = {
				ASSETCATALOG_COMPILER_APPICON_NAME = AppIcon;
				CODE_SIGN_STYLE = Automatic;
				DEVELOPMENT_TEAM = 783VTM2647;
				INFOPLIST_FILE = WhaleStream/Info.plist;
				IPHONEOS_DEPLOYMENT_TARGET = 11.0;
				LD_RUNPATH_SEARCH_PATHS = (
					"$(inherited)",
					"@executable_path/Frameworks",
				);
				PRODUCT_BUNDLE_IDENTIFIER = com.damonqiu26.WhaleStream;
				PRODUCT_NAME = "$(TARGET_NAME)";
				SWIFT_VERSION = 5.0;
				TARGETED_DEVICE_FAMILY = 1;
			};
			name = Debug;
		};
		E4368A6A23E7FF5F00C56511 /* Release */ = {
			isa = XCBuildConfiguration;
			baseConfigurationReference = C9A8A72260263A1F16B0FE5B /* Pods-WhaleStream.release.xcconfig */;
			buildSettings = {
				ASSETCATALOG_COMPILER_APPICON_NAME = AppIcon;
				CODE_SIGN_STYLE = Automatic;
				DEVELOPMENT_TEAM = 783VTM2647;
				INFOPLIST_FILE = WhaleStream/Info.plist;
				IPHONEOS_DEPLOYMENT_TARGET = 11.0;
				LD_RUNPATH_SEARCH_PATHS = (
					"$(inherited)",
					"@executable_path/Frameworks",
				);
				PRODUCT_BUNDLE_IDENTIFIER = com.damonqiu26.WhaleStream;
				PRODUCT_NAME = "$(TARGET_NAME)";
				SWIFT_VERSION = 5.0;
				TARGETED_DEVICE_FAMILY = 1;
			};
			name = Release;
		};
/* End XCBuildConfiguration section */

/* Begin XCConfigurationList section */
		E4368A4F23E7FF5500C56511 /* Build configuration list for PBXProject "WhaleStream" */ = {
			isa = XCConfigurationList;
			buildConfigurations = (
				E4368A6623E7FF5F00C56511 /* Debug */,
				E4368A6723E7FF5F00C56511 /* Release */,
			);
			defaultConfigurationIsVisible = 0;
			defaultConfigurationName = Release;
		};
		E4368A6823E7FF5F00C56511 /* Build configuration list for PBXNativeTarget "WhaleStream" */ = {
			isa = XCConfigurationList;
			buildConfigurations = (
				E4368A6923E7FF5F00C56511 /* Debug */,
				E4368A6A23E7FF5F00C56511 /* Release */,
			);
			defaultConfigurationIsVisible = 0;
			defaultConfigurationName = Release;
		};
/* End XCConfigurationList section */
	};
	rootObject = E4368A4C23E7FF5500C56511 /* Project object */;
}
